
Microsoft Visual Studio Solution File, Format Version 12.00
# Visual Studio Version 16
VisualStudioVersion = 16.0.28531.58
MinimumVisualStudioVersion = 10.0.40219.1
Project("{FAE04EC0-301F-11D3-BF4B-00C04F79EFBC}") = "Project_CSWM", "Project_CSWM\Project_CSWM.csproj", "{D79C1B20-B508-4359-A96A-B81B296ED29E}"
EndProject
Global
	GlobalSection(SolutionConfigurationPlatforms) = preSolution
		Debug|Any CPU = Debug|Any CPU
		Release|Any CPU = Release|Any CPU
	EndGlobalSection
	GlobalSection(ProjectConfigurationPlatforms) = postSolution
		{D79C1B20-B508-4359-A96A-B81B296ED29E}.Debug|Any CPU.ActiveCfg = Debug|Any CPU
		{D79C1B20-B508-4359-A96A-B81B296ED29E}.Debug|Any CPU.Build.0 = Debug|Any CPU
		{D79C1B20-B508-4359-A96A-B81B296ED29E}.Release|Any CPU.ActiveCfg = Release|Any CPU
		{D79C1B20-B508-4359-A96A-B81B296ED29E}.Release|Any CPU.Build.0 = Release|Any CPU
	EndGlobalSection
	GlobalSection(SolutionProperties) = preSolution
		HideSolutionNode = FALSE
	EndGlobalSection
	GlobalSection(ExtensibilityGlobals) = postSolution
		SolutionGuid = {61127CEA-3FD4-4F19-A0C6-0B3E93C0283C}
	EndGlobalSection
EndGlobal
